// !$*UTF8*$!
{
	archiveVersion = 1;
	classes = {
	};
	objectVersion = 46;
	objects = {

/* Begin PBXBuildFile section */
		8D7E616C1D3885DE00EBFDF1 /* CoreLocation.framework in Frameworks */ = {isa = PBXBuildFile; fileRef = 8D7E616B1D3885DE00EBFDF1 /* CoreLocation.framework */; };
		8DA43AF91D378E4E00CB814B /* AppDelegate.swift in Sources */ = {isa = PBXBuildFile; fileRef = 8DA43AF81D378E4E00CB814B /* AppDelegate.swift */; };
		8DA43AFB1D378E4E00CB814B /* ViewController.swift in Sources */ = {isa = PBXBuildFile; fileRef = 8DA43AFA1D378E4E00CB814B /* ViewController.swift */; };
		8DA43AFE1D378E4E00CB814B /* Main.storyboard in Resources */ = {isa = PBXBuildFile; fileRef = 8DA43AFC1D378E4E00CB814B /* Main.storyboard */; };
		8DA43B001D378E4E00CB814B /* Assets.xcassets in Resources */ = {isa = PBXBuildFile; fileRef = 8DA43AFF1D378E4E00CB814B /* Assets.xcassets */; };
		8DA43B031D378E4E00CB814B /* LaunchScreen.storyboard in Resources */ = {isa = PBXBuildFile; fileRef = 8DA43B011D378E4E00CB814B /* LaunchScreen.storyboard */; };
/* End PBXBuildFile section */

/* Begin PBXFileReference section */
		8D7E616B1D3885DE00EBFDF1 /* CoreLocation.framework */ = {isa = PBXFileReference; lastKnownFileType = wrapper.framework; name = CoreLocation.framework; path = System/Library/Frameworks/CoreLocation.framework; sourceTree = SDKROOT; };
		8DA43AF51D378E4E00CB814B /* Maps Demo.app */ = {isa = PBXFileReference; explicitFileType = wrapper.application; includeInIndex = 0; path = "Maps Demo.app"; sourceTree = BUILT_PRODUCTS_DIR; };
		8DA43AF81D378E4E00CB814B /* AppDelegate.swift */ = {isa = PBXFileReference; lastKnownFileType = sourcecode.swift; path = AppDelegate.swift; sourceTree = "<group>"; };
		8DA43AFA1D378E4E00CB814B /* ViewController.swift */ = {isa = PBXFileReference; lastKnownFileType = sourcecode.swift; path = ViewController.swift; sourceTree = "<group>"; };
		8DA43AFD1D378E4E00CB814B /* Base */ = {isa = PBXFileReference; lastKnownFileType = file.storyboard; name = Base; path = Base.lproj/Main.storyboard; sourceTree = "<group>"; };
		8DA43AFF1D378E4E00CB814B /* Assets.xcassets */ = {isa = PBXFileReference; lastKnownFileType = folder.assetcatalog; path = Assets.xcassets; sourceTree = "<group>"; };
		8DA43B021D378E4E00CB814B /* Base */ = {isa = PBXFileReference; lastKnownFileType = file.storyboard; name = Base; path = Base.lproj/LaunchScreen.storyboard; sourceTree = "<group>"; };
		8DA43B041D378E4E00CB814B /* Info.plist */ = {isa = PBXFileReference; lastKnownFileType = text.plist.xml; path = Info.plist; sourceTree = "<group>"; };
/* End PBXFileReference section */

/* Begin PBXFrameworksBuildPhase section */
		8DA43AF21D378E4E00CB814B /* Frameworks */ = {
			isa = PBXFrameworksBuildPhase;
			buildActionMask = 2147483647;
			files = (
				8D7E616C1D3885DE00EBFDF1 /* CoreLocation.framework in Frameworks */,
			);
			runOnlyForDeploymentPostprocessing = 0;
		};
/* End PBXFrameworksBuildPhase section */

/* Begin PBXGroup section */
		8DA43AEC1D378E4E00CB814B = {
			isa = PBXGroup;
			children = (
				8D7E616B1D3885DE00EBFDF1 /* CoreLocation.framework */,
				8DA43AF71D378E4E00CB814B /* Maps Demo */,
				8DA43AF61D378E4E00CB814B /* Products */,
			);
			sourceTree = "<group>";
		};
		8DA43AF61D378E4E00CB814B /* Products */ = {
			isa = PBXGroup;
			children = (
				8DA43AF51D378E4E00CB814B /* Maps Demo.app */,
			);
			name = Products;
			sourceTree = "<group>";
		};
		8DA43AF71D378E4E00CB814B /* Maps Demo */ = {
			isa = PBXGroup;
			children = (
				8DA43AF81D378E4E00CB814B /* AppDelegate.swift */,
				8DA43AFA1D378E4E00CB814B /* ViewController.swift */,
				8DA43AFC1D378E4E00CB814B /* Main.storyboard */,
				8DA43AFF1D378E4E00CB814B /* Assets.xcassets */,
				8DA43B011D378E4E00CB814B /* LaunchScreen.storyboard */,
				8DA43B041D378E4E00CB814B /* Info.plist */,
			);
			path = "Maps Demo";
			sourceTree = "<group>";
		};
/* End PBXGroup section */

/* Begin PBXNativeTarget section */
		8DA43AF41D378E4E00CB814B /* Maps Demo */ = {
			isa = PBXNativeTarget;
			buildConfigurationList = 8DA43B071D378E4E00CB814B /* Build configuration list for PBXNativeTarget "Maps Demo" */;
			buildPhases = (
				8DA43AF11D378E4E00CB814B /* Sources */,
				8DA43AF21D378E4E00CB814B /* Frameworks */,
				8DA43AF31D378E4E00CB814B /* Resources */,
			);
			buildRules = (
			);
			dependencies = (
			);
			name = "Maps Demo";
			productName = "Maps Demo";
			productReference = 8DA43AF51D378E4E00CB814B /* Maps Demo.app */;
			productType = "com.apple.product-type.application";
		};
/* End PBXNativeTarget section */

/* Begin PBXProject section */
		8DA43AED1D378E4E00CB814B /* Project object */ = {
			isa = PBXProject;
			attributes = {
				LastSwiftUpdateCheck = 0730;
				LastUpgradeCheck = 0730;
				ORGANIZATIONNAME = kelvinfok;
				TargetAttributes = {
					8DA43AF41D378E4E00CB814B = {
						CreatedOnToolsVersion = 7.3.1;
						DevelopmentTeam = YW4BHV4JZ5;
					};
				};
			};
			buildConfigurationList = 8DA43AF01D378E4E00CB814B /* Build configuration list for PBXProject "Maps Demo" */;
			compatibilityVersion = "Xcode 3.2";
			developmentRegion = English;
			hasScannedForEncodings = 0;
			knownRegions = (
				en,
				Base,
			);
			mainGroup = 8DA43AEC1D378E4E00CB814B;
			productRefGroup = 8DA43AF61D378E4E00CB814B /* Products */;
			projectDirPath = "";
			projectRoot = "";
			targets = (
				8DA43AF41D378E4E00CB814B /* Maps Demo */,
			);
		};
/* End PBXProject section */

/* Begin PBXResourcesBuildPhase section */
		8DA43AF31D378E4E00CB814B /* Resources */ = {
			isa = PBXResourcesBuildPhase;
			buildActionMask = 2147483647;
			files = (
				8DA43B031D378E4E00CB814B /* LaunchScreen.storyboard in Resources */,
				8DA43B001D378E4E00CB814B /* Assets.xcassets in Resources */,
				8DA43AFE1D378E4E00CB814B /* Main.storyboard in Resources */,
			);
			runOnlyForDeploymentPostprocessing = 0;
		};
/* End PBXResourcesBuildPhase section */

/* Begin PBXSourcesBuildPhase section */
		8DA43AF11D378E4E00CB814B /* Sources */ = {
			isa = PBXSourcesBuildPhase;
			buildActionMask = 2147483647;
			files = (
				8DA43AFB1D378E4E00CB814B /* ViewController.swift in Sources */,
				8DA43AF91D378E4E00CB814B /* AppDelegate.swift in Sources */,
			);
			runOnlyForDeploymentPostprocessing = 0;
		};
/* End PBXSourcesBuildPhase section */

/* Begin PBXVariantGroup section */
		8DA43AFC1D378E4E00CB814B /* Main.storyboard */ = {
			isa = PBXVariantGroup;
			children = (
				8DA43AFD1D378E4E00CB814B /* Base */,
			);
			name = Main.storyboard;
			sourceTree = "<group>";
		};
		8DA43B011D378E4E00CB814B /* LaunchScreen.storyboard */ = {
			isa = PBXVariantGroup;
			children = (
				8DA43B021D378E4E00CB814B /* Base */,
			);
			name = LaunchScreen.storyboard;
			sourceTree = "<group>";
		};
/* End PBXVariantGroup section */

/* Begin XCBuildConfiguration section */
		8DA43B051D378E4E00CB814B /* Debug */ = {
			isa = XCBuildConfiguration;
			buildSettings = {
				ALWAYS_SEARCH_USER_PATHS = NO;
				CLANG_ANALYZER_NONNULL = YES;
				CLANG_CXX_LANGUAGE_STANDARD = "gnu++0x";
				CLANG_CXX_LIBRARY = "libc++";
				CLANG_ENABLE_MODULES = YES;
				CLANG_ENABLE_OBJC_ARC = YES;
				CLANG_WARN_BOOL_CONVERSION = YES;
				CLANG_WARN_CONSTANT_CONVERSION = YES;
				CLANG_WARN_DIRECT_OBJC_ISA_USAGE = YES_ERROR;
				CLANG_WARN_EMPTY_BODY = YES;
				CLANG_WARN_ENUM_CONVERSION = YES;
				CLANG_WARN_INT_CONVERSION = YES;
				CLANG_WARN_OBJC_ROOT_CLASS = YES_ERROR;
				CLANG_WARN_UNREACHABLE_CODE = YES;
				CLANG_WARN__DUPLICATE_METHOD_MATCH = YES;
				"CODE_SIGN_IDENTITY[sdk=iphoneos*]" = "iPhone Developer";
				COPY_PHASE_STRIP = NO;
				DEBUG_INFORMATION_FORMAT = dwarf;
				ENABLE_STRICT_OBJC_MSGSEND = YES;
				ENABLE_TESTABILITY = YES;
				GCC_C_LANGUAGE_STANDARD = gnu99;
				GCC_DYNAMIC_NO_PIC = NO;
				GCC_NO_COMMON_BLOCKS = YES;
				GCC_OPTIMIZATION_LEVEL = 0;
				GCC_PREPROCESSOR_DEFINITIONS = (
					"DEBUG=1",
					"$(inherited)",
				);
				GCC_WARN_64_TO_32_BIT_CONVERSION = YES;
				GCC_WARN_ABOUT_RETURN_TYPE = YES_ERROR;
				GCC_WARN_UNDECLARED_SELECTOR = YES;
				GCC_WARN_UNINITIALIZED_AUTOS = YES_AGGRESSIVE;
				GCC_WARN_UNUSED_FUNCTION = YES;
				GCC_WARN_UNUSED_VARIABLE = YES;
				IPHONEOS_DEPLOYMENT_TARGET = 9.3;
				MTL_ENABLE_DEBUG_INFO = YES;
				ONLY_ACTIVE_ARCH = YES;
				SDKROOT = iphoneos;
				SWIFT_OPTIMIZATION_LEVEL = "-Onone";
			};
			name = Debug;
		};
		8DA43B061D378E4E00CB814B /* Release */ = {
			isa = XCBuildConfiguration;
			buildSettings = {
				ALWAYS_SEARCH_USER_PATHS = NO;
				CLANG_ANALYZER_NONNULL = YES;
				CLANG_CXX_LANGUAGE_STANDARD = "gnu++0x";
				CLANG_CXX_LIBRARY = "libc++";
				CLANG_ENABLE_MODULES = YES;
				CLANG_ENABLE_OBJC_ARC = YES;
				CLANG_WARN_BOOL_CONVERSION = YES;
				CLANG_WARN_CONSTANT_CONVERSION = YES;
				CLANG_WARN_DIRECT_OBJC_ISA_USAGE = YES_ERROR;
				CLANG_WARN_EMPTY_BODY = YES;
				CLANG_WARN_ENUM_CONVERSION = YES;
				CLANG_WARN_INT_CONVERSION = YES;
				CLANG_WARN_OBJC_ROOT_CLASS = YES_ERROR;
				CLANG_WARN_UNREACHABLE_CODE = YES;
				CLANG_WARN__DUPLICATE_METHOD_MATCH = YES;
				"CODE_SIGN_IDENTITY[sdk=iphoneos*]" = "iPhone Developer";
				COPY_PHASE_STRIP = NO;
				DEBUG_INFORMATION_FORMAT = "dwarf-with-dsym";
				ENABLE_NS_ASSERTIONS = NO;
				ENABLE_STRICT_OBJC_MSGSEND = YES;
				GCC_C_LANGUAGE_STANDARD = gnu99;
				GCC_NO_COMMON_BLOCKS = YES;
				GCC_WARN_64_TO_32_BIT_CONVERSION = YES;
				GCC_WARN_ABOUT_RETURN_TYPE = YES_ERROR;
				GCC_WARN_UNDECLARED_SELECTOR = YES;
				GCC_WARN_UNINITIALIZED_AUTOS = YES_AGGRESSIVE;
				GCC_WARN_UNUSED_FUNCTION = YES;
				GCC_WARN_UNUSED_VARIABLE = YES;
				IPHONEOS_DEPLOYMENT_TARGET = 9.3;
				MTL_ENABLE_DEBUG_INFO = NO;
				SDKROOT = iphoneos;
				VALIDATE_PRODUCT = YES;
			};
			name = Release;
		};
		8DA43B081D378E4E00CB814B /* Debug */ = {
			isa = XCBuildConfiguration;
			buildSettings = {
				ASSETCATALOG_COMPILER_APPICON_NAME = AppIcon;
				CODE_SIGN_IDENTITY = "iPhone Developer";
				"CODE_SIGN_IDENTITY[sdk=iphoneos*]" = "iPhone Developer";
				INFOPLIST_FILE = "Maps Demo/Info.plist";
				LD_RUNPATH_SEARCH_PATHS = "$(inherited) @executable_path/Frameworks";
				PRODUCT_BUNDLE_IDENTIFIER = "kelvinfok.Maps-Demo";
				PRODUCT_NAME = "$(TARGET_NAME)";
				PROVISIONING_PROFILE = "";
			};
			name = Debug;
		};
		8DA43B091D378E4E00CB814B /* Release */ = {
			isa = XCBuildConfiguration;
			buildSettings = {
				ASSETCATALOG_COMPILER_APPICON_NAME = AppIcon;
				CODE_SIGN_IDENTITY = "iPhone Developer";
				"CODE_SIGN_IDENTITY[sdk=iphoneos*]" = "iPhone Developer";
				INFOPLIST_FILE = "Maps Demo/Info.plist";
				LD_RUNPATH_SEARCH_PATHS = "$(inherited) @executable_path/Frameworks";
				PRODUCT_BUNDLE_IDENTIFIER = "kelvinfok.Maps-Demo";
				PRODUCT_NAME = "$(TARGET_NAME)";
				PROVISIONING_PROFILE = "";
			};
			name = Release;
		};
/* End XCBuildConfiguration section */

/* Begin XCConfigurationList section */
		8DA43AF01D378E4E00CB814B /* Build configuration list for PBXProject "Maps Demo" */ = {
			isa = XCConfigurationList;
			buildConfigurations = (
				8DA43B051D378E4E00CB814B /* Debug */,
				8DA43B061D378E4E00CB814B /* Release */,
			);
			defaultConfigurationIsVisible = 0;
			defaultConfigurationName = Release;
		};
		8DA43B071D378E4E00CB814B /* Build configuration list for PBXNativeTarget "Maps Demo" */ = {
			isa = XCConfigurationList;
			buildConfigurations = (
				8DA43B081D378E4E00CB814B /* Debug */,
				8DA43B091D378E4E00CB814B /* Release */,
			);
			defaultConfigurationIsVisible = 0;
			defaultConfigurationName = Release;
		};
/* End XCConfigurationList section */
	};
	rootObject = 8DA43AED1D378E4E00CB814B /* Project object */;
}
